
Microsoft Visual Studio Solution File, Format Version 12.00
# Visual Studio Version 16
VisualStudioVersion = 16.0.29920.165
MinimumVisualStudioVersion = 10.0.40219.1
Project("{FAE04EC0-301F-11D3-BF4B-00C04F79EFBC}") = "Estoque", "Estoque\Estoque.csproj", "{4C723E6C-53EB-4A55-AB00-CCFF48960E2E}"
EndProject
Global
	GlobalSection(SolutionConfigurationPlatforms) = preSolution
		Debug|Any CPU = Debug|Any CPU
		Release|Any CPU = Release|Any CPU
	EndGlobalSection
	GlobalSection(ProjectConfigurationPlatforms) = postSolution
		{4C723E6C-53EB-4A55-AB00-CCFF48960E2E}.Debug|Any CPU.ActiveCfg = Debug|Any CPU
		{4C723E6C-53EB-4A55-AB00-CCFF48960E2E}.Debug|Any CPU.Build.0 = Debug|Any CPU
		{4C723E6C-53EB-4A55-AB00-CCFF48960E2E}.Release|Any CPU.ActiveCfg = Release|Any CPU
		{4C723E6C-53EB-4A55-AB00-CCFF48960E2E}.Release|Any CPU.Build.0 = Release|Any CPU
	EndGlobalSection
	GlobalSection(SolutionProperties) = preSolution
		HideSolutionNode = FALSE
	EndGlobalSection
	GlobalSection(ExtensibilityGlobals) = postSolution
		SolutionGuid = {FEFC9AC1-C16B-4762-8DE4-153D63ED0386}
	EndGlobalSection
EndGlobal
