
Microsoft Visual Studio Solution File, Format Version 12.00
# Visual Studio Version 16
VisualStudioVersion = 16.0.29920.165
MinimumVisualStudioVersion = 10.0.40219.1
Project("{FAE04EC0-301F-11D3-BF4B-00C04F79EFBC}") = "Store", "Store\Store.csproj", "{052B59B8-67AA-45C4-8B08-AA54C069143C}"
EndProject
Global
	GlobalSection(SolutionConfigurationPlatforms) = preSolution
		Debug|Any CPU = Debug|Any CPU
		Release|Any CPU = Release|Any CPU
	EndGlobalSection
	GlobalSection(ProjectConfigurationPlatforms) = postSolution
		{052B59B8-67AA-45C4-8B08-AA54C069143C}.Debug|Any CPU.ActiveCfg = Debug|Any CPU
		{052B59B8-67AA-45C4-8B08-AA54C069143C}.Debug|Any CPU.Build.0 = Debug|Any CPU
		{052B59B8-67AA-45C4-8B08-AA54C069143C}.Release|Any CPU.ActiveCfg = Release|Any CPU
		{052B59B8-67AA-45C4-8B08-AA54C069143C}.Release|Any CPU.Build.0 = Release|Any CPU
	EndGlobalSection
	GlobalSection(SolutionProperties) = preSolution
		HideSolutionNode = FALSE
	EndGlobalSection
	GlobalSection(ExtensibilityGlobals) = postSolution
		SolutionGuid = {18220BBA-61EB-45A1-B544-C8CD086240B6}
	EndGlobalSection
EndGlobal
